
Microsoft Visual Studio Solution File, Format Version 12.00
# Visual Studio Version 17
VisualStudioVersion = 17.0.31903.59
MinimumVisualStudioVersion = 10.0.40219.1
Project("{FAE04EC0-301F-11D3-BF4B-00C04F79EFBC}") = "IdentityDBService", "IdentityDBService\IdentityDBService.csproj", "{4415E2CE-C824-4788-BFDD-84291EEF126D}"
EndProject
Project("{FAE04EC0-301F-11D3-BF4B-00C04F79EFBC}") = "UserDBService", "UserDBService\UserDBService.csproj", "{F0E8D7CB-5E3D-4D62-8371-BDEEA2C3159B}"
EndProject
Project("{FAE04EC0-301F-11D3-BF4B-00C04F79EFBC}") = "RoomDBService", "RoomDBService\RoomDBService.csproj", "{7AC7DE7A-3DFE-4B6E-8F80-B6748C9EDFE3}"
EndProject
Project("{FAE04EC0-301F-11D3-BF4B-00C04F79EFBC}") = "BookingDBService", "BookingDBService\BookingDBService.csproj", "{E222C889-59CC-422B-A062-F06FD2D17CDF}"
EndProject
Project("{FAE04EC0-301F-11D3-BF4B-00C04F79EFBC}") = "PaymentDBService", "PaymentDBService\PaymentDBService.csproj", "{95B84EF9-CDF3-4F0D-9AC0-6556E226803A}"
EndProject
Project("{FAE04EC0-301F-11D3-BF4B-00C04F79EFBC}") = "NotificationDBService", "NotificationDBService\NotificationDBService.csproj", "{C20B5FEF-65C0-4994-AF27-B7820A38FBB0}"
EndProject
Project("{FAE04EC0-301F-11D3-BF4B-00C04F79EFBC}") = "ReviewDBService", "ReviewDBService\ReviewDBService.csproj", "{F0E63E33-37D2-4F60-8448-6C9370A9F27E}"
EndProject
Project("{FAE04EC0-301F-11D3-BF4B-00C04F79EFBC}") = "ServiceDBService", "ServiceDBService\ServiceDBService.csproj", "{6CDDA14A-20C9-4C07-AE08-88C2FAAE1A23}"
EndProject
Project("{FAE04EC0-301F-11D3-BF4B-00C04F79EFBC}") = "AppHost", "AppHost\AppHost.csproj", "{AD920D2E-CAE9-47E7-8602-12CE524CE573}"
EndProject
Global
	GlobalSection(SolutionConfigurationPlatforms) = preSolution
		Debug|Any CPU = Debug|Any CPU
		Debug|x64 = Debug|x64
		Debug|x86 = Debug|x86
		Release|Any CPU = Release|Any CPU
		Release|x64 = Release|x64
		Release|x86 = Release|x86
	EndGlobalSection
	GlobalSection(ProjectConfigurationPlatforms) = postSolution
		{4415E2CE-C824-4788-BFDD-84291EEF126D}.Debug|Any CPU.ActiveCfg = Debug|Any CPU
		{4415E2CE-C824-4788-BFDD-84291EEF126D}.Debug|Any CPU.Build.0 = Debug|Any CPU
		{4415E2CE-C824-4788-BFDD-84291EEF126D}.Debug|x64.ActiveCfg = Debug|Any CPU
		{4415E2CE-C824-4788-BFDD-84291EEF126D}.Debug|x64.Build.0 = Debug|Any CPU
		{4415E2CE-C824-4788-BFDD-84291EEF126D}.Debug|x86.ActiveCfg = Debug|Any CPU
		{4415E2CE-C824-4788-BFDD-84291EEF126D}.Debug|x86.Build.0 = Debug|Any CPU
		{4415E2CE-C824-4788-BFDD-84291EEF126D}.Release|Any CPU.ActiveCfg = Release|Any CPU
		{4415E2CE-C824-4788-BFDD-84291EEF126D}.Release|Any CPU.Build.0 = Release|Any CPU
		{4415E2CE-C824-4788-BFDD-84291EEF126D}.Release|x64.ActiveCfg = Release|Any CPU
		{4415E2CE-C824-4788-BFDD-84291EEF126D}.Release|x64.Build.0 = Release|Any CPU
		{4415E2CE-C824-4788-BFDD-84291EEF126D}.Release|x86.ActiveCfg = Release|Any CPU
		{4415E2CE-C824-4788-BFDD-84291EEF126D}.Release|x86.Build.0 = Release|Any CPU
		{F0E8D7CB-5E3D-4D62-8371-BDEEA2C3159B}.Debug|Any CPU.ActiveCfg = Debug|Any CPU
		{F0E8D7CB-5E3D-4D62-8371-BDEEA2C3159B}.Debug|Any CPU.Build.0 = Debug|Any CPU
		{F0E8D7CB-5E3D-4D62-8371-BDEEA2C3159B}.Debug|x64.ActiveCfg = Debug|Any CPU
		{F0E8D7CB-5E3D-4D62-8371-BDEEA2C3159B}.Debug|x64.Build.0 = Debug|Any CPU
		{F0E8D7CB-5E3D-4D62-8371-BDEEA2C3159B}.Debug|x86.ActiveCfg = Debug|Any CPU
		{F0E8D7CB-5E3D-4D62-8371-BDEEA2C3159B}.Debug|x86.Build.0 = Debug|Any CPU
		{F0E8D7CB-5E3D-4D62-8371-BDEEA2C3159B}.Release|Any CPU.ActiveCfg = Release|Any CPU
		{F0E8D7CB-5E3D-4D62-8371-BDEEA2C3159B}.Release|Any CPU.Build.0 = Release|Any CPU
		{F0E8D7CB-5E3D-4D62-8371-BDEEA2C3159B}.Release|x64.ActiveCfg = Release|Any CPU
		{F0E8D7CB-5E3D-4D62-8371-BDEEA2C3159B}.Release|x64.Build.0 = Release|Any CPU
		{F0E8D7CB-5E3D-4D62-8371-BDEEA2C3159B}.Release|x86.ActiveCfg = Release|Any CPU
		{F0E8D7CB-5E3D-4D62-8371-BDEEA2C3159B}.Release|x86.Build.0 = Release|Any CPU
		{7AC7DE7A-3DFE-4B6E-8F80-B6748C9EDFE3}.Debug|Any CPU.ActiveCfg = Debug|Any CPU
		{7AC7DE7A-3DFE-4B6E-8F80-B6748C9EDFE3}.Debug|Any CPU.Build.0 = Debug|Any CPU
		{7AC7DE7A-3DFE-4B6E-8F80-B6748C9EDFE3}.Debug|x64.ActiveCfg = Debug|Any CPU
		{7AC7DE7A-3DFE-4B6E-8F80-B6748C9EDFE3}.Debug|x64.Build.0 = Debug|Any CPU
		{7AC7DE7A-3DFE-4B6E-8F80-B6748C9EDFE3}.Debug|x86.ActiveCfg = Debug|Any CPU
		{7AC7DE7A-3DFE-4B6E-8F80-B6748C9EDFE3}.Debug|x86.Build.0 = Debug|Any CPU
		{7AC7DE7A-3DFE-4B6E-8F80-B6748C9EDFE3}.Release|Any CPU.ActiveCfg = Release|Any CPU
		{7AC7DE7A-3DFE-4B6E-8F80-B6748C9EDFE3}.Release|Any CPU.Build.0 = Release|Any CPU
		{7AC7DE7A-3DFE-4B6E-8F80-B6748C9EDFE3}.Release|x64.ActiveCfg = Release|Any CPU
		{7AC7DE7A-3DFE-4B6E-8F80-B6748C9EDFE3}.Release|x64.Build.0 = Release|Any CPU
		{7AC7DE7A-3DFE-4B6E-8F80-B6748C9EDFE3}.Release|x86.ActiveCfg = Release|Any CPU
		{7AC7DE7A-3DFE-4B6E-8F80-B6748C9EDFE3}.Release|x86.Build.0 = Release|Any CPU
		{E222C889-59CC-422B-A062-F06FD2D17CDF}.Debug|Any CPU.ActiveCfg = Debug|Any CPU
		{E222C889-59CC-422B-A062-F06FD2D17CDF}.Debug|Any CPU.Build.0 = Debug|Any CPU
		{E222C889-59CC-422B-A062-F06FD2D17CDF}.Debug|x64.ActiveCfg = Debug|Any CPU
		{E222C889-59CC-422B-A062-F06FD2D17CDF}.Debug|x64.Build.0 = Debug|Any CPU
		{E222C889-59CC-422B-A062-F06FD2D17CDF}.Debug|x86.ActiveCfg = Debug|Any CPU
		{E222C889-59CC-422B-A062-F06FD2D17CDF}.Debug|x86.Build.0 = Debug|Any CPU
		{E222C889-59CC-422B-A062-F06FD2D17CDF}.Release|Any CPU.ActiveCfg = Release|Any CPU
		{E222C889-59CC-422B-A062-F06FD2D17CDF}.Release|Any CPU.Build.0 = Release|Any CPU
		{E222C889-59CC-422B-A062-F06FD2D17CDF}.Release|x64.ActiveCfg = Release|Any CPU
		{E222C889-59CC-422B-A062-F06FD2D17CDF}.Release|x64.Build.0 = Release|Any CPU
		{E222C889-59CC-422B-A062-F06FD2D17CDF}.Release|x86.ActiveCfg = Release|Any CPU
		{E222C889-59CC-422B-A062-F06FD2D17CDF}.Release|x86.Build.0 = Release|Any CPU
		{95B84EF9-CDF3-4F0D-9AC0-6556E226803A}.Debug|Any CPU.ActiveCfg = Debug|Any CPU
		{95B84EF9-CDF3-4F0D-9AC0-6556E226803A}.Debug|Any CPU.Build.0 = Debug|Any CPU
		{95B84EF9-CDF3-4F0D-9AC0-6556E226803A}.Debug|x64.ActiveCfg = Debug|Any CPU
		{95B84EF9-CDF3-4F0D-9AC0-6556E226803A}.Debug|x64.Build.0 = Debug|Any CPU
		{95B84EF9-CDF3-4F0D-9AC0-6556E226803A}.Debug|x86.ActiveCfg = Debug|Any CPU
		{95B84EF9-CDF3-4F0D-9AC0-6556E226803A}.Debug|x86.Build.0 = Debug|Any CPU
		{95B84EF9-CDF3-4F0D-9AC0-6556E226803A}.Release|Any CPU.ActiveCfg = Release|Any CPU
		{95B84EF9-CDF3-4F0D-9AC0-6556E226803A}.Release|Any CPU.Build.0 = Release|Any CPU
		{95B84EF9-CDF3-4F0D-9AC0-6556E226803A}.Release|x64.ActiveCfg = Release|Any CPU
		{95B84EF9-CDF3-4F0D-9AC0-6556E226803A}.Release|x64.Build.0 = Release|Any CPU
		{95B84EF9-CDF3-4F0D-9AC0-6556E226803A}.Release|x86.ActiveCfg = Release|Any CPU
		{95B84EF9-CDF3-4F0D-9AC0-6556E226803A}.Release|x86.Build.0 = Release|Any CPU
		{C20B5FEF-65C0-4994-AF27-B7820A38FBB0}.Debug|Any CPU.ActiveCfg = Debug|Any CPU
		{C20B5FEF-65C0-4994-AF27-B7820A38FBB0}.Debug|Any CPU.Build.0 = Debug|Any CPU
		{C20B5FEF-65C0-4994-AF27-B7820A38FBB0}.Debug|x64.ActiveCfg = Debug|Any CPU
		{C20B5FEF-65C0-4994-AF27-B7820A38FBB0}.Debug|x64.Build.0 = Debug|Any CPU
		{C20B5FEF-65C0-4994-AF27-B7820A38FBB0}.Debug|x86.ActiveCfg = Debug|Any CPU
		{C20B5FEF-65C0-4994-AF27-B7820A38FBB0}.Debug|x86.Build.0 = Debug|Any CPU
		{C20B5FEF-65C0-4994-AF27-B7820A38FBB0}.Release|Any CPU.ActiveCfg = Release|Any CPU
		{C20B5FEF-65C0-4994-AF27-B7820A38FBB0}.Release|Any CPU.Build.0 = Release|Any CPU
		{C20B5FEF-65C0-4994-AF27-B7820A38FBB0}.Release|x64.ActiveCfg = Release|Any CPU
		{C20B5FEF-65C0-4994-AF27-B7820A38FBB0}.Release|x64.Build.0 = Release|Any CPU
		{C20B5FEF-65C0-4994-AF27-B7820A38FBB0}.Release|x86.ActiveCfg = Release|Any CPU
		{C20B5FEF-65C0-4994-AF27-B7820A38FBB0}.Release|x86.Build.0 = Release|Any CPU
		{F0E63E33-37D2-4F60-8448-6C9370A9F27E}.Debug|Any CPU.ActiveCfg = Debug|Any CPU
		{F0E63E33-37D2-4F60-8448-6C9370A9F27E}.Debug|Any CPU.Build.0 = Debug|Any CPU
		{F0E63E33-37D2-4F60-8448-6C9370A9F27E}.Debug|x64.ActiveCfg = Debug|Any CPU
		{F0E63E33-37D2-4F60-8448-6C9370A9F27E}.Debug|x64.Build.0 = Debug|Any CPU
		{F0E63E33-37D2-4F60-8448-6C9370A9F27E}.Debug|x86.ActiveCfg = Debug|Any CPU
		{F0E63E33-37D2-4F60-8448-6C9370A9F27E}.Debug|x86.Build.0 = Debug|Any CPU
		{F0E63E33-37D2-4F60-8448-6C9370A9F27E}.Release|Any CPU.ActiveCfg = Release|Any CPU
		{F0E63E33-37D2-4F60-8448-6C9370A9F27E}.Release|Any CPU.Build.0 = Release|Any CPU
		{F0E63E33-37D2-4F60-8448-6C9370A9F27E}.Release|x64.ActiveCfg = Release|Any CPU
		{F0E63E33-37D2-4F60-8448-6C9370A9F27E}.Release|x64.Build.0 = Release|Any CPU
		{F0E63E33-37D2-4F60-8448-6C9370A9F27E}.Release|x86.ActiveCfg = Release|Any CPU
		{F0E63E33-37D2-4F60-8448-6C9370A9F27E}.Release|x86.Build.0 = Release|Any CPU
		{6CDDA14A-20C9-4C07-AE08-88C2FAAE1A23}.Debug|Any CPU.ActiveCfg = Debug|Any CPU
		{6CDDA14A-20C9-4C07-AE08-88C2FAAE1A23}.Debug|Any CPU.Build.0 = Debug|Any CPU
		{6CDDA14A-20C9-4C07-AE08-88C2FAAE1A23}.Debug|x64.ActiveCfg = Debug|Any CPU
		{6CDDA14A-20C9-4C07-AE08-88C2FAAE1A23}.Debug|x64.Build.0 = Debug|Any CPU
		{6CDDA14A-20C9-4C07-AE08-88C2FAAE1A23}.Debug|x86.ActiveCfg = Debug|Any CPU
		{6CDDA14A-20C9-4C07-AE08-88C2FAAE1A23}.Debug|x86.Build.0 = Debug|Any CPU
		{6CDDA14A-20C9-4C07-AE08-88C2FAAE1A23}.Release|Any CPU.ActiveCfg = Release|Any CPU
		{6CDDA14A-20C9-4C07-AE08-88C2FAAE1A23}.Release|Any CPU.Build.0 = Release|Any CPU
		{6CDDA14A-20C9-4C07-AE08-88C2FAAE1A23}.Release|x64.ActiveCfg = Release|Any CPU
		{6CDDA14A-20C9-4C07-AE08-88C2FAAE1A23}.Release|x64.Build.0 = Release|Any CPU
		{6CDDA14A-20C9-4C07-AE08-88C2FAAE1A23}.Release|x86.ActiveCfg = Release|Any CPU
		{6CDDA14A-20C9-4C07-AE08-88C2FAAE1A23}.Release|x86.Build.0 = Release|Any CPU
		{AD920D2E-CAE9-47E7-8602-12CE524CE573}.Debug|Any CPU.ActiveCfg = Debug|Any CPU
		{AD920D2E-CAE9-47E7-8602-12CE524CE573}.Debug|Any CPU.Build.0 = Debug|Any CPU
		{AD920D2E-CAE9-47E7-8602-12CE524CE573}.Debug|x64.ActiveCfg = Debug|Any CPU
		{AD920D2E-CAE9-47E7-8602-12CE524CE573}.Debug|x64.Build.0 = Debug|Any CPU
		{AD920D2E-CAE9-47E7-8602-12CE524CE573}.Debug|x86.ActiveCfg = Debug|Any CPU
		{AD920D2E-CAE9-47E7-8602-12CE524CE573}.Debug|x86.Build.0 = Debug|Any CPU
		{AD920D2E-CAE9-47E7-8602-12CE524CE573}.Release|Any CPU.ActiveCfg = Release|Any CPU
		{AD920D2E-CAE9-47E7-8602-12CE524CE573}.Release|Any CPU.Build.0 = Release|Any CPU
		{AD920D2E-CAE9-47E7-8602-12CE524CE573}.Release|x64.ActiveCfg = Release|Any CPU
		{AD920D2E-CAE9-47E7-8602-12CE524CE573}.Release|x64.Build.0 = Release|Any CPU
		{AD920D2E-CAE9-47E7-8602-12CE524CE573}.Release|x86.ActiveCfg = Release|Any CPU
		{AD920D2E-CAE9-47E7-8602-12CE524CE573}.Release|x86.Build.0 = Release|Any CPU
	EndGlobalSection
	GlobalSection(SolutionProperties) = preSolution
		HideSolutionNode = FALSE
	EndGlobalSection
EndGlobal
